// !$*UTF8*$!
{
	archiveVersion = 1;
	classes = {
	};
	objectVersion = 46;
	objects = {

/* Begin PBXBuildFile section */
		3CA957EB1B19991100D211D0 /* AppDelegate.swift in Sources */ = {isa = PBXBuildFile; fileRef = 3CA957EA1B19991100D211D0 /* AppDelegate.swift */; };
		3CA957ED1B19991100D211D0 /* ViewController.swift in Sources */ = {isa = PBXBuildFile; fileRef = 3CA957EC1B19991100D211D0 /* ViewController.swift */; };
		3CA957F01B19991100D211D0 /* Main.storyboard in Resources */ = {isa = PBXBuildFile; fileRef = 3CA957EE1B19991100D211D0 /* Main.storyboard */; };
		3CA957F21B19991200D211D0 /* Images.xcassets in Resources */ = {isa = PBXBuildFile; fileRef = 3CA957F11B19991200D211D0 /* Images.xcassets */; };
		3CA957F51B19991200D211D0 /* LaunchScreen.xib in Resources */ = {isa = PBXBuildFile; fileRef = 3CA957F31B19991200D211D0 /* LaunchScreen.xib */; };
		3CA958011B19991200D211D0 /* PostCardTests.swift in Sources */ = {isa = PBXBuildFile; fileRef = 3CA958001B19991200D211D0 /* PostCardTests.swift */; };
/* End PBXBuildFile section */

/* Begin PBXContainerItemProxy section */
		3CA957FB1B19991200D211D0 /* PBXContainerItemProxy */ = {
			isa = PBXContainerItemProxy;
			containerPortal = 3CA957DD1B19991100D211D0 /* Project object */;
			proxyType = 1;
			remoteGlobalIDString = 3CA957E41B19991100D211D0;
			remoteInfo = PostCard;
		};
/* End PBXContainerItemProxy section */

/* Begin PBXFileReference section */
		3CA957E51B19991100D211D0 /* PostCard.app */ = {isa = PBXFileReference; explicitFileType = wrapper.application; includeInIndex = 0; path = PostCard.app; sourceTree = BUILT_PRODUCTS_DIR; };
		3CA957E91B19991100D211D0 /* Info.plist */ = {isa = PBXFileReference; lastKnownFileType = text.plist.xml; path = Info.plist; sourceTree = "<group>"; };
		3CA957EA1B19991100D211D0 /* AppDelegate.swift */ = {isa = PBXFileReference; lastKnownFileType = sourcecode.swift; path = AppDelegate.swift; sourceTree = "<group>"; };
		3CA957EC1B19991100D211D0 /* ViewController.swift */ = {isa = PBXFileReference; lastKnownFileType = sourcecode.swift; path = ViewController.swift; sourceTree = "<group>"; };
		3CA957EF1B19991100D211D0 /* Base */ = {isa = PBXFileReference; lastKnownFileType = file.storyboard; name = Base; path = Base.lproj/Main.storyboard; sourceTree = "<group>"; };
		3CA957F11B19991200D211D0 /* Images.xcassets */ = {isa = PBXFileReference; lastKnownFileType = folder.assetcatalog; path = Images.xcassets; sourceTree = "<group>"; };
		3CA957F41B19991200D211D0 /* Base */ = {isa = PBXFileReference; lastKnownFileType = file.xib; name = Base; path = Base.lproj/LaunchScreen.xib; sourceTree = "<group>"; };
		3CA957FA1B19991200D211D0 /* PostCardTests.xctest */ = {isa = PBXFileReference; explicitFileType = wrapper.cfbundle; includeInIndex = 0; path = PostCardTests.xctest; sourceTree = BUILT_PRODUCTS_DIR; };
		3CA957FF1B19991200D211D0 /* Info.plist */ = {isa = PBXFileReference; lastKnownFileType = text.plist.xml; path = Info.plist; sourceTree = "<group>"; };
		3CA958001B19991200D211D0 /* PostCardTests.swift */ = {isa = PBXFileReference; lastKnownFileType = sourcecode.swift; path = PostCardTests.swift; sourceTree = "<group>"; };
/* End PBXFileReference section */

/* Begin PBXFrameworksBuildPhase section */
		3CA957E21B19991100D211D0 /* Frameworks */ = {
			isa = PBXFrameworksBuildPhase;
			buildActionMask = 2147483647;
			files = (
			);
			runOnlyForDeploymentPostprocessing = 0;
		};
		3CA957F71B19991200D211D0 /* Frameworks */ = {
			isa = PBXFrameworksBuildPhase;
			buildActionMask = 2147483647;
			files = (
			);
			runOnlyForDeploymentPostprocessing = 0;
		};
/* End PBXFrameworksBuildPhase section */

/* Begin PBXGroup section */
		3CA957DC1B19991100D211D0 = {
			isa = PBXGroup;
			children = (
				3CA957E71B19991100D211D0 /* PostCard */,
				3CA957FD1B19991200D211D0 /* PostCardTests */,
				3CA957E61B19991100D211D0 /* Products */,
			);
			sourceTree = "<group>";
		};
		3CA957E61B19991100D211D0 /* Products */ = {
			isa = PBXGroup;
			children = (
				3CA957E51B19991100D211D0 /* PostCard.app */,
				3CA957FA1B19991200D211D0 /* PostCardTests.xctest */,
			);
			name = Products;
			sourceTree = "<group>";
		};
		3CA957E71B19991100D211D0 /* PostCard */ = {
			isa = PBXGroup;
			children = (
				3CA957EA1B19991100D211D0 /* AppDelegate.swift */,
				3CA957EC1B19991100D211D0 /* ViewController.swift */,
				3CA957EE1B19991100D211D0 /* Main.storyboard */,
				3CA957F11B19991200D211D0 /* Images.xcassets */,
				3CA957F31B19991200D211D0 /* LaunchScreen.xib */,
				3CA957E81B19991100D211D0 /* Supporting Files */,
			);
			path = PostCard;
			sourceTree = "<group>";
		};
		3CA957E81B19991100D211D0 /* Supporting Files */ = {
			isa = PBXGroup;
			children = (
				3CA957E91B19991100D211D0 /* Info.plist */,
			);
			name = "Supporting Files";
			sourceTree = "<group>";
		};
		3CA957FD1B19991200D211D0 /* PostCardTests */ = {
			isa = PBXGroup;
			children = (
				3CA958001B19991200D211D0 /* PostCardTests.swift */,
				3CA957FE1B19991200D211D0 /* Supporting Files */,
			);
			path = PostCardTests;
			sourceTree = "<group>";
		};
		3CA957FE1B19991200D211D0 /* Supporting Files */ = {
			isa = PBXGroup;
			children = (
				3CA957FF1B19991200D211D0 /* Info.plist */,
			);
			name = "Supporting Files";
			sourceTree = "<group>";
		};
/* End PBXGroup section */

/* Begin PBXNativeTarget section */
		3CA957E41B19991100D211D0 /* PostCard */ = {
			isa = PBXNativeTarget;
			buildConfigurationList = 3CA958041B19991200D211D0 /* Build configuration list for PBXNativeTarget "PostCard" */;
			buildPhases = (
				3CA957E11B19991100D211D0 /* Sources */,
				3CA957E21B19991100D211D0 /* Frameworks */,
				3CA957E31B19991100D211D0 /* Resources */,
			);
			buildRules = (
			);
			dependencies = (
			);
			name = PostCard;
			productName = PostCard;
			productReference = 3CA957E51B19991100D211D0 /* PostCard.app */;
			productType = "com.apple.product-type.application";
		};
		3CA957F91B19991200D211D0 /* PostCardTests */ = {
			isa = PBXNativeTarget;
			buildConfigurationList = 3CA958071B19991200D211D0 /* Build configuration list for PBXNativeTarget "PostCardTests" */;
			buildPhases = (
				3CA957F61B19991200D211D0 /* Sources */,
				3CA957F71B19991200D211D0 /* Frameworks */,
				3CA957F81B19991200D211D0 /* Resources */,
			);
			buildRules = (
			);
			dependencies = (
				3CA957FC1B19991200D211D0 /* PBXTargetDependency */,
			);
			name = PostCardTests;
			productName = PostCardTests;
			productReference = 3CA957FA1B19991200D211D0 /* PostCardTests.xctest */;
			productType = "com.apple.product-type.bundle.unit-test";
		};
/* End PBXNativeTarget section */

/* Begin PBXProject section */
		3CA957DD1B19991100D211D0 /* Project object */ = {
			isa = PBXProject;
			attributes = {
				LastUpgradeCheck = 0630;
				ORGANIZATIONNAME = Nixxe;
				TargetAttributes = {
					3CA957E41B19991100D211D0 = {
						CreatedOnToolsVersion = 6.3.2;
					};
					3CA957F91B19991200D211D0 = {
						CreatedOnToolsVersion = 6.3.2;
						TestTargetID = 3CA957E41B19991100D211D0;
					};
				};
			};
			buildConfigurationList = 3CA957E01B19991100D211D0 /* Build configuration list for PBXProject "PostCard" */;
			compatibilityVersion = "Xcode 3.2";
			developmentRegion = English;
			hasScannedForEncodings = 0;
			knownRegions = (
				en,
				Base,
			);
			mainGroup = 3CA957DC1B19991100D211D0;
			productRefGroup = 3CA957E61B19991100D211D0 /* Products */;
			projectDirPath = "";
			projectRoot = "";
			targets = (
				3CA957E41B19991100D211D0 /* PostCard */,
				3CA957F91B19991200D211D0 /* PostCardTests */,
			);
		};
/* End PBXProject section */

/* Begin PBXResourcesBuildPhase section */
		3CA957E31B19991100D211D0 /* Resources */ = {
			isa = PBXResourcesBuildPhase;
			buildActionMask = 2147483647;
			files = (
				3CA957F01B19991100D211D0 /* Main.storyboard in Resources */,
				3CA957F51B19991200D211D0 /* LaunchScreen.xib in Resources */,
				3CA957F21B19991200D211D0 /* Images.xcassets in Resources */,
			);
			runOnlyForDeploymentPostprocessing = 0;
		};
		3CA957F81B19991200D211D0 /* Resources */ = {
			isa = PBXResourcesBuildPhase;
			buildActionMask = 2147483647;
			files = (
			);
			runOnlyForDeploymentPostprocessing = 0;
		};
/* End PBXResourcesBuildPhase section */

/* Begin PBXSourcesBuildPhase section */
		3CA957E11B19991100D211D0 /* Sources */ = {
			isa = PBXSourcesBuildPhase;
			buildActionMask = 2147483647;
			files = (
				3CA957ED1B19991100D211D0 /* ViewController.swift in Sources */,
				3CA957EB1B19991100D211D0 /* AppDelegate.swift in Sources */,
			);
			runOnlyForDeploymentPostprocessing = 0;
		};
		3CA957F61B19991200D211D0 /* Sources */ = {
			isa = PBXSourcesBuildPhase;
			buildActionMask = 2147483647;
			files = (
				3CA958011B19991200D211D0 /* PostCardTests.swift in Sources */,
			);
			runOnlyForDeploymentPostprocessing = 0;
		};
/* End PBXSourcesBuildPhase section */

/* Begin PBXTargetDependency section */
		3CA957FC1B19991200D211D0 /* PBXTargetDependency */ = {
			isa = PBXTargetDependency;
			target = 3CA957E41B19991100D211D0 /* PostCard */;
			targetProxy = 3CA957FB1B19991200D211D0 /* PBXContainerItemProxy */;
		};
/* End PBXTargetDependency section */

/* Begin PBXVariantGroup section */
		3CA957EE1B19991100D211D0 /* Main.storyboard */ = {
			isa = PBXVariantGroup;
			children = (
				3CA957EF1B19991100D211D0 /* Base */,
			);
			name = Main.storyboard;
			sourceTree = "<group>";
		};
		3CA957F31B19991200D211D0 /* LaunchScreen.xib */ = {
			isa = PBXVariantGroup;
			children = (
				3CA957F41B19991200D211D0 /* Base */,
			);
			name = LaunchScreen.xib;
			sourceTree = "<group>";
		};
/* End PBXVariantGroup section */

/* Begin XCBuildConfiguration section */
		3CA958021B19991200D211D0 /* Debug */ = {
			isa = XCBuildConfiguration;
			buildSettings = {
				ALWAYS_SEARCH_USER_PATHS = NO;
				CLANG_CXX_LANGUAGE_STANDARD = "gnu++0x";
				CLANG_CXX_LIBRARY = "libc++";
				CLANG_ENABLE_MODULES = YES;
				CLANG_ENABLE_OBJC_ARC = YES;
				CLANG_WARN_BOOL_CONVERSION = YES;
				CLANG_WARN_CONSTANT_CONVERSION = YES;
				CLANG_WARN_DIRECT_OBJC_ISA_USAGE = YES_ERROR;
				CLANG_WARN_EMPTY_BODY = YES;
				CLANG_WARN_ENUM_CONVERSION = YES;
				CLANG_WARN_INT_CONVERSION = YES;
				CLANG_WARN_OBJC_ROOT_CLASS = YES_ERROR;
				CLANG_WARN_UNREACHABLE_CODE = YES;
				CLANG_WARN__DUPLICATE_METHOD_MATCH = YES;
				"CODE_SIGN_IDENTITY[sdk=iphoneos*]" = "iPhone Developer";
				COPY_PHASE_STRIP = NO;
				DEBUG_INFORMATION_FORMAT = "dwarf-with-dsym";
				ENABLE_STRICT_OBJC_MSGSEND = YES;
				GCC_C_LANGUAGE_STANDARD = gnu99;
				GCC_DYNAMIC_NO_PIC = NO;
				GCC_NO_COMMON_BLOCKS = YES;
				GCC_OPTIMIZATION_LEVEL = 0;
				GCC_PREPROCESSOR_DEFINITIONS = (
					"DEBUG=1",
					"$(inherited)",
				);
				GCC_SYMBOLS_PRIVATE_EXTERN = NO;
				GCC_WARN_64_TO_32_BIT_CONVERSION = YES;
				GCC_WARN_ABOUT_RETURN_TYPE = YES_ERROR;
				GCC_WARN_UNDECLARED_SELECTOR = YES;
				GCC_WARN_UNINITIALIZED_AUTOS = YES_AGGRESSIVE;
				GCC_WARN_UNUSED_FUNCTION = YES;
				GCC_WARN_UNUSED_VARIABLE = YES;
				IPHONEOS_DEPLOYMENT_TARGET = 8.3;
				MTL_ENABLE_DEBUG_INFO = YES;
				ONLY_ACTIVE_ARCH = YES;
				SDKROOT = iphoneos;
				SWIFT_OPTIMIZATION_LEVEL = "-Onone";
				TARGETED_DEVICE_FAMILY = "1,2";
			};
			name = Debug;
		};
		3CA958031B19991200D211D0 /* Release */ = {
			isa = XCBuildConfiguration;
			buildSettings = {
				ALWAYS_SEARCH_USER_PATHS = NO;
				CLANG_CXX_LANGUAGE_STANDARD = "gnu++0x";
				CLANG_CXX_LIBRARY = "libc++";
				CLANG_ENABLE_MODULES = YES;
				CLANG_ENABLE_OBJC_ARC = YES;
				CLANG_WARN_BOOL_CONVERSION = YES;
				CLANG_WARN_CONSTANT_CONVERSION = YES;
				CLANG_WARN_DIRECT_OBJC_ISA_USAGE = YES_ERROR;
				CLANG_WARN_EMPTY_BODY = YES;
				CLANG_WARN_ENUM_CONVERSION = YES;
				CLANG_WARN_INT_CONVERSION = YES;
				CLANG_WARN_OBJC_ROOT_CLASS = YES_ERROR;
				CLANG_WARN_UNREACHABLE_CODE = YES;
				CLANG_WARN__DUPLICATE_METHOD_MATCH = YES;
				"CODE_SIGN_IDENTITY[sdk=iphoneos*]" = "iPhone Developer";
				COPY_PHASE_STRIP = NO;
				DEBUG_INFORMATION_FORMAT = "dwarf-with-dsym";
				ENABLE_NS_ASSERTIONS = NO;
				ENABLE_STRICT_OBJC_MSGSEND = YES;
				GCC_C_LANGUAGE_STANDARD = gnu99;
				GCC_NO_COMMON_BLOCKS = YES;
				GCC_WARN_64_TO_32_BIT_CONVERSION = YES;
				GCC_WARN_ABOUT_RETURN_TYPE = YES_ERROR;
				GCC_WARN_UNDECLARED_SELECTOR = YES;
				GCC_WARN_UNINITIALIZED_AUTOS = YES_AGGRESSIVE;
				GCC_WARN_UNUSED_FUNCTION = YES;
				GCC_WARN_UNUSED_VARIABLE = YES;
				IPHONEOS_DEPLOYMENT_TARGET = 8.3;
				MTL_ENABLE_DEBUG_INFO = NO;
				SDKROOT = iphoneos;
				TARGETED_DEVICE_FAMILY = "1,2";
				VALIDATE_PRODUCT = YES;
			};
			name = Release;
		};
		3CA958051B19991200D211D0 /* Debug */ = {
			isa = XCBuildConfiguration;
			buildSettings = {
				ASSETCATALOG_COMPILER_APPICON_NAME = AppIcon;
				INFOPLIST_FILE = PostCard/Info.plist;
				LD_RUNPATH_SEARCH_PATHS = "$(inherited) @executable_path/Frameworks";
				PRODUCT_NAME = "$(TARGET_NAME)";
			};
			name = Debug;
		};
		3CA958061B19991200D211D0 /* Release */ = {
			isa = XCBuildConfiguration;
			buildSettings = {
				ASSETCATALOG_COMPILER_APPICON_NAME = AppIcon;
				INFOPLIST_FILE = PostCard/Info.plist;
				LD_RUNPATH_SEARCH_PATHS = "$(inherited) @executable_path/Frameworks";
				PRODUCT_NAME = "$(TARGET_NAME)";
			};
			name = Release;
		};
		3CA958081B19991200D211D0 /* Debug */ = {
			isa = XCBuildConfiguration;
			buildSettings = {
				BUNDLE_LOADER = "$(TEST_HOST)";
				FRAMEWORK_SEARCH_PATHS = (
					"$(SDKROOT)/Developer/Library/Frameworks",
					"$(inherited)",
				);
				GCC_PREPROCESSOR_DEFINITIONS = (
					"DEBUG=1",
					"$(inherited)",
				);
				INFOPLIST_FILE = PostCardTests/Info.plist;
				LD_RUNPATH_SEARCH_PATHS = "$(inherited) @executable_path/Frameworks @loader_path/Frameworks";
				PRODUCT_NAME = "$(TARGET_NAME)";
				TEST_HOST = "$(BUILT_PRODUCTS_DIR)/PostCard.app/PostCard";
			};
			name = Debug;
		};
		3CA958091B19991200D211D0 /* Release */ = {
			isa = XCBuildConfiguration;
			buildSettings = {
				BUNDLE_LOADER = "$(TEST_HOST)";
				FRAMEWORK_SEARCH_PATHS = (
					"$(SDKROOT)/Developer/Library/Frameworks",
					"$(inherited)",
				);
				INFOPLIST_FILE = PostCardTests/Info.plist;
				LD_RUNPATH_SEARCH_PATHS = "$(inherited) @executable_path/Frameworks @loader_path/Frameworks";
				PRODUCT_NAME = "$(TARGET_NAME)";
				TEST_HOST = "$(BUILT_PRODUCTS_DIR)/PostCard.app/PostCard";
			};
			name = Release;
		};
/* End XCBuildConfiguration section */

/* Begin XCConfigurationList section */
		3CA957E01B19991100D211D0 /* Build configuration list for PBXProject "PostCard" */ = {
			isa = XCConfigurationList;
			buildConfigurations = (
				3CA958021B19991200D211D0 /* Debug */,
				3CA958031B19991200D211D0 /* Release */,
			);
			defaultConfigurationIsVisible = 0;
			defaultConfigurationName = Release;
		};
		3CA958041B19991200D211D0 /* Build configuration list for PBXNativeTarget "PostCard" */ = {
			isa = XCConfigurationList;
			buildConfigurations = (
				3CA958051B19991200D211D0 /* Debug */,
				3CA958061B19991200D211D0 /* Release */,
			);
			defaultConfigurationIsVisible = 0;
		};
		3CA958071B19991200D211D0 /* Build configuration list for PBXNativeTarget "PostCardTests" */ = {
			isa = XCConfigurationList;
			buildConfigurations = (
				3CA958081B19991200D211D0 /* Debug */,
				3CA958091B19991200D211D0 /* Release */,
			);
			defaultConfigurationIsVisible = 0;
		};
/* End XCConfigurationList section */
	};
	rootObject = 3CA957DD1B19991100D211D0 /* Project object */;
}
